
Microsoft Visual Studio Solution File, Format Version 12.00
# Visual Studio Version 16
VisualStudioVersion = 16.0.31613.86
MinimumVisualStudioVersion = 10.0.40219.1
Project("{FAE04EC0-301F-11D3-BF4B-00C04F79EFBC}") = "Lab3TP6", "Lab3TP6.csproj", "{8A11B05F-B484-488B-AF13-DBF78E487603}"
EndProject
Global
	GlobalSection(SolutionConfigurationPlatforms) = preSolution
		Debug|Any CPU = Debug|Any CPU
		Release|Any CPU = Release|Any CPU
	EndGlobalSection
	GlobalSection(ProjectConfigurationPlatforms) = postSolution
		{8A11B05F-B484-488B-AF13-DBF78E487603}.Debug|Any CPU.ActiveCfg = Debug|Any CPU
		{8A11B05F-B484-488B-AF13-DBF78E487603}.Debug|Any CPU.Build.0 = Debug|Any CPU
		{8A11B05F-B484-488B-AF13-DBF78E487603}.Release|Any CPU.ActiveCfg = Release|Any CPU
		{8A11B05F-B484-488B-AF13-DBF78E487603}.Release|Any CPU.Build.0 = Release|Any CPU
	EndGlobalSection
	GlobalSection(SolutionProperties) = preSolution
		HideSolutionNode = FALSE
	EndGlobalSection
	GlobalSection(ExtensibilityGlobals) = postSolution
		SolutionGuid = {D0763EBD-0660-477C-AF16-D48CC33D822E}
	EndGlobalSection
EndGlobal
